// !$*UTF8*$!
{
	archiveVersion = 1;
	classes = {
	};
	objectVersion = 50;
	objects = {

/* Begin PBXBuildFile section */
		C7BF4C60221D3E5C00224BF4 /* AppDelegate.swift in Sources */ = {isa = PBXBuildFile; fileRef = C7BF4C5F221D3E5C00224BF4 /* AppDelegate.swift */; };
		C7BF4C62221D3E5C00224BF4 /* ViewController.swift in Sources */ = {isa = PBXBuildFile; fileRef = C7BF4C61221D3E5C00224BF4 /* ViewController.swift */; };
		C7BF4C65221D3E5C00224BF4 /* Main.storyboard in Resources */ = {isa = PBXBuildFile; fileRef = C7BF4C63221D3E5C00224BF4 /* Main.storyboard */; };
		C7BF4C67221D3E5D00224BF4 /* Assets.xcassets in Resources */ = {isa = PBXBuildFile; fileRef = C7BF4C66221D3E5D00224BF4 /* Assets.xcassets */; };
		C7BF4C6A221D3E5D00224BF4 /* LaunchScreen.storyboard in Resources */ = {isa = PBXBuildFile; fileRef = C7BF4C68221D3E5D00224BF4 /* LaunchScreen.storyboard */; };
		C7BF4C75221D3E5D00224BF4 /* DemoSDKUITests.swift in Sources */ = {isa = PBXBuildFile; fileRef = C7BF4C74221D3E5D00224BF4 /* DemoSDKUITests.swift */; };
		C7BF4C86221D3EE800224BF4 /* TestSDK.framework in Frameworks */ = {isa = PBXBuildFile; fileRef = C7BF4C84221D3EC700224BF4 /* TestSDK.framework */; };
/* End PBXBuildFile section */

/* Begin PBXContainerItemProxy section */
		C7BF4C71221D3E5D00224BF4 /* PBXContainerItemProxy */ = {
			isa = PBXContainerItemProxy;
			containerPortal = C7BF4C54221D3E5C00224BF4 /* Project object */;
			proxyType = 1;
			remoteGlobalIDString = C7BF4C5B221D3E5C00224BF4;
			remoteInfo = DemoSDK;
		};
		C7BF4C83221D3EC700224BF4 /* PBXContainerItemProxy */ = {
			isa = PBXContainerItemProxy;
			containerPortal = C7BF4C7F221D3EC700224BF4 /* TestSDK.xcodeproj */;
			proxyType = 2;
			remoteGlobalIDString = C7BF4BC9221D272300224BF4;
			remoteInfo = TestSDK;
		};
		C7BF4C87221D3EEC00224BF4 /* PBXContainerItemProxy */ = {
			isa = PBXContainerItemProxy;
			containerPortal = C7BF4C7F221D3EC700224BF4 /* TestSDK.xcodeproj */;
			proxyType = 1;
			remoteGlobalIDString = C7BF4BC8221D272300224BF4;
			remoteInfo = TestSDK;
		};
/* End PBXContainerItemProxy section */

/* Begin PBXFileReference section */
		C7BF4C5C221D3E5C00224BF4 /* DemoSDK.app */ = {isa = PBXFileReference; explicitFileType = wrapper.application; includeInIndex = 0; path = DemoSDK.app; sourceTree = BUILT_PRODUCTS_DIR; };
		C7BF4C5F221D3E5C00224BF4 /* AppDelegate.swift */ = {isa = PBXFileReference; lastKnownFileType = sourcecode.swift; path = AppDelegate.swift; sourceTree = "<group>"; };
		C7BF4C61221D3E5C00224BF4 /* ViewController.swift */ = {isa = PBXFileReference; lastKnownFileType = sourcecode.swift; path = ViewController.swift; sourceTree = "<group>"; };
		C7BF4C64221D3E5C00224BF4 /* Base */ = {isa = PBXFileReference; lastKnownFileType = file.storyboard; name = Base; path = Base.lproj/Main.storyboard; sourceTree = "<group>"; };
		C7BF4C66221D3E5D00224BF4 /* Assets.xcassets */ = {isa = PBXFileReference; lastKnownFileType = folder.assetcatalog; path = Assets.xcassets; sourceTree = "<group>"; };
		C7BF4C69221D3E5D00224BF4 /* Base */ = {isa = PBXFileReference; lastKnownFileType = file.storyboard; name = Base; path = Base.lproj/LaunchScreen.storyboard; sourceTree = "<group>"; };
		C7BF4C6B221D3E5D00224BF4 /* Info.plist */ = {isa = PBXFileReference; lastKnownFileType = text.plist.xml; path = Info.plist; sourceTree = "<group>"; };
		C7BF4C70221D3E5D00224BF4 /* DemoSDKUITests.xctest */ = {isa = PBXFileReference; explicitFileType = wrapper.cfbundle; includeInIndex = 0; path = DemoSDKUITests.xctest; sourceTree = BUILT_PRODUCTS_DIR; };
		C7BF4C74221D3E5D00224BF4 /* DemoSDKUITests.swift */ = {isa = PBXFileReference; lastKnownFileType = sourcecode.swift; path = DemoSDKUITests.swift; sourceTree = "<group>"; };
		C7BF4C76221D3E5D00224BF4 /* Info.plist */ = {isa = PBXFileReference; lastKnownFileType = text.plist.xml; path = Info.plist; sourceTree = "<group>"; };
		C7BF4C7F221D3EC700224BF4 /* TestSDK.xcodeproj */ = {isa = PBXFileReference; lastKnownFileType = "wrapper.pb-project"; name = TestSDK.xcodeproj; path = ../../TestSDK/TestSDK.xcodeproj; sourceTree = "<group>"; };
/* End PBXFileReference section */

/* Begin PBXFrameworksBuildPhase section */
		C7BF4C59221D3E5C00224BF4 /* Frameworks */ = {
			isa = PBXFrameworksBuildPhase;
			buildActionMask = 2147483647;
			files = (
				C7BF4C86221D3EE800224BF4 /* TestSDK.framework in Frameworks */,
			);
			runOnlyForDeploymentPostprocessing = 0;
		};
		C7BF4C6D221D3E5D00224BF4 /* Frameworks */ = {
			isa = PBXFrameworksBuildPhase;
			buildActionMask = 2147483647;
			files = (
			);
			runOnlyForDeploymentPostprocessing = 0;
		};
/* End PBXFrameworksBuildPhase section */

/* Begin PBXGroup section */
		C7BF4C53221D3E5C00224BF4 = {
			isa = PBXGroup;
			children = (
				C7BF4C5E221D3E5C00224BF4 /* DemoSDK */,
				C7BF4C73221D3E5D00224BF4 /* DemoSDKUITests */,
				C7BF4C5D221D3E5C00224BF4 /* Products */,
				C7BF4C85221D3EE800224BF4 /* Frameworks */,
			);
			sourceTree = "<group>";
		};
		C7BF4C5D221D3E5C00224BF4 /* Products */ = {
			isa = PBXGroup;
			children = (
				C7BF4C5C221D3E5C00224BF4 /* DemoSDK.app */,
				C7BF4C70221D3E5D00224BF4 /* DemoSDKUITests.xctest */,
			);
			name = Products;
			sourceTree = "<group>";
		};
		C7BF4C5E221D3E5C00224BF4 /* DemoSDK */ = {
			isa = PBXGroup;
			children = (
				C7BF4C7F221D3EC700224BF4 /* TestSDK.xcodeproj */,
				C7BF4C5F221D3E5C00224BF4 /* AppDelegate.swift */,
				C7BF4C61221D3E5C00224BF4 /* ViewController.swift */,
				C7BF4C63221D3E5C00224BF4 /* Main.storyboard */,
				C7BF4C66221D3E5D00224BF4 /* Assets.xcassets */,
				C7BF4C68221D3E5D00224BF4 /* LaunchScreen.storyboard */,
				C7BF4C6B221D3E5D00224BF4 /* Info.plist */,
			);
			path = DemoSDK;
			sourceTree = "<group>";
		};
		C7BF4C73221D3E5D00224BF4 /* DemoSDKUITests */ = {
			isa = PBXGroup;
			children = (
				C7BF4C74221D3E5D00224BF4 /* DemoSDKUITests.swift */,
				C7BF4C76221D3E5D00224BF4 /* Info.plist */,
			);
			path = DemoSDKUITests;
			sourceTree = "<group>";
		};
		C7BF4C80221D3EC700224BF4 /* Products */ = {
			isa = PBXGroup;
			children = (
				C7BF4C84221D3EC700224BF4 /* TestSDK.framework */,
			);
			name = Products;
			sourceTree = "<group>";
		};
		C7BF4C85221D3EE800224BF4 /* Frameworks */ = {
			isa = PBXGroup;
			children = (
			);
			name = Frameworks;
			sourceTree = "<group>";
		};
/* End PBXGroup section */

/* Begin PBXNativeTarget section */
		C7BF4C5B221D3E5C00224BF4 /* DemoSDK */ = {
			isa = PBXNativeTarget;
			buildConfigurationList = C7BF4C79221D3E5D00224BF4 /* Build configuration list for PBXNativeTarget "DemoSDK" */;
			buildPhases = (
				C7BF4C58221D3E5C00224BF4 /* Sources */,
				C7BF4C59221D3E5C00224BF4 /* Frameworks */,
				C7BF4C5A221D3E5C00224BF4 /* Resources */,
			);
			buildRules = (
			);
			dependencies = (
				C7BF4C88221D3EEC00224BF4 /* PBXTargetDependency */,
			);
			name = DemoSDK;
			productName = DemoSDK;
			productReference = C7BF4C5C221D3E5C00224BF4 /* DemoSDK.app */;
			productType = "com.apple.product-type.application";
		};
		C7BF4C6F221D3E5D00224BF4 /* DemoSDKUITests */ = {
			isa = PBXNativeTarget;
			buildConfigurationList = C7BF4C7C221D3E5D00224BF4 /* Build configuration list for PBXNativeTarget "DemoSDKUITests" */;
			buildPhases = (
				C7BF4C6C221D3E5D00224BF4 /* Sources */,
				C7BF4C6D221D3E5D00224BF4 /* Frameworks */,
				C7BF4C6E221D3E5D00224BF4 /* Resources */,
			);
			buildRules = (
			);
			dependencies = (
				C7BF4C72221D3E5D00224BF4 /* PBXTargetDependency */,
			);
			name = DemoSDKUITests;
			productName = DemoSDKUITests;
			productReference = C7BF4C70221D3E5D00224BF4 /* DemoSDKUITests.xctest */;
			productType = "com.apple.product-type.bundle.ui-testing";
		};
/* End PBXNativeTarget section */

/* Begin PBXProject section */
		C7BF4C54221D3E5C00224BF4 /* Project object */ = {
			isa = PBXProject;
			attributes = {
				LastSwiftUpdateCheck = 1010;
				LastUpgradeCheck = 1010;
				ORGANIZATIONNAME = Clavax;
				TargetAttributes = {
					C7BF4C5B221D3E5C00224BF4 = {
						CreatedOnToolsVersion = 10.1;
					};
					C7BF4C6F221D3E5D00224BF4 = {
						CreatedOnToolsVersion = 10.1;
						TestTargetID = C7BF4C5B221D3E5C00224BF4;
					};
				};
			};
			buildConfigurationList = C7BF4C57221D3E5C00224BF4 /* Build configuration list for PBXProject "DemoSDK" */;
			compatibilityVersion = "Xcode 9.3";
			developmentRegion = en;
			hasScannedForEncodings = 0;
			knownRegions = (
				en,
				Base,
			);
			mainGroup = C7BF4C53221D3E5C00224BF4;
			productRefGroup = C7BF4C5D221D3E5C00224BF4 /* Products */;
			projectDirPath = "";
			projectReferences = (
				{
					ProductGroup = C7BF4C80221D3EC700224BF4 /* Products */;
					ProjectRef = C7BF4C7F221D3EC700224BF4 /* TestSDK.xcodeproj */;
				},
			);
			projectRoot = "";
			targets = (
				C7BF4C5B221D3E5C00224BF4 /* DemoSDK */,
				C7BF4C6F221D3E5D00224BF4 /* DemoSDKUITests */,
			);
		};
/* End PBXProject section */

/* Begin PBXReferenceProxy section */
		C7BF4C84221D3EC700224BF4 /* TestSDK.framework */ = {
			isa = PBXReferenceProxy;
			fileType = wrapper.framework;
			path = TestSDK.framework;
			remoteRef = C7BF4C83221D3EC700224BF4 /* PBXContainerItemProxy */;
			sourceTree = BUILT_PRODUCTS_DIR;
		};
/* End PBXReferenceProxy section */

/* Begin PBXResourcesBuildPhase section */
		C7BF4C5A221D3E5C00224BF4 /* Resources */ = {
			isa = PBXResourcesBuildPhase;
			buildActionMask = 2147483647;
			files = (
				C7BF4C6A221D3E5D00224BF4 /* LaunchScreen.storyboard in Resources */,
				C7BF4C67221D3E5D00224BF4 /* Assets.xcassets in Resources */,
				C7BF4C65221D3E5C00224BF4 /* Main.storyboard in Resources */,
			);
			runOnlyForDeploymentPostprocessing = 0;
		};
		C7BF4C6E221D3E5D00224BF4 /* Resources */ = {
			isa = PBXResourcesBuildPhase;
			buildActionMask = 2147483647;
			files = (
			);
			runOnlyForDeploymentPostprocessing = 0;
		};
/* End PBXResourcesBuildPhase section */

/* Begin PBXSourcesBuildPhase section */
		C7BF4C58221D3E5C00224BF4 /* Sources */ = {
			isa = PBXSourcesBuildPhase;
			buildActionMask = 2147483647;
			files = (
				C7BF4C62221D3E5C00224BF4 /* ViewController.swift in Sources */,
				C7BF4C60221D3E5C00224BF4 /* AppDelegate.swift in Sources */,
			);
			runOnlyForDeploymentPostprocessing = 0;
		};
		C7BF4C6C221D3E5D00224BF4 /* Sources */ = {
			isa = PBXSourcesBuildPhase;
			buildActionMask = 2147483647;
			files = (
				C7BF4C75221D3E5D00224BF4 /* DemoSDKUITests.swift in Sources */,
			);
			runOnlyForDeploymentPostprocessing = 0;
		};
/* End PBXSourcesBuildPhase section */

/* Begin PBXTargetDependency section */
		C7BF4C72221D3E5D00224BF4 /* PBXTargetDependency */ = {
			isa = PBXTargetDependency;
			target = C7BF4C5B221D3E5C00224BF4 /* DemoSDK */;
			targetProxy = C7BF4C71221D3E5D00224BF4 /* PBXContainerItemProxy */;
		};
		C7BF4C88221D3EEC00224BF4 /* PBXTargetDependency */ = {
			isa = PBXTargetDependency;
			name = TestSDK;
			targetProxy = C7BF4C87221D3EEC00224BF4 /* PBXContainerItemProxy */;
		};
/* End PBXTargetDependency section */

/* Begin PBXVariantGroup section */
		C7BF4C63221D3E5C00224BF4 /* Main.storyboard */ = {
			isa = PBXVariantGroup;
			children = (
				C7BF4C64221D3E5C00224BF4 /* Base */,
			);
			name = Main.storyboard;
			sourceTree = "<group>";
		};
		C7BF4C68221D3E5D00224BF4 /* LaunchScreen.storyboard */ = {
			isa = PBXVariantGroup;
			children = (
				C7BF4C69221D3E5D00224BF4 /* Base */,
			);
			name = LaunchScreen.storyboard;
			sourceTree = "<group>";
		};
/* End PBXVariantGroup section */

/* Begin XCBuildConfiguration section */
		C7BF4C77221D3E5D00224BF4 /* Debug */ = {
			isa = XCBuildConfiguration;
			buildSettings = {
				ALWAYS_SEARCH_USER_PATHS = NO;
				CLANG_ANALYZER_NONNULL = YES;
				CLANG_ANALYZER_NUMBER_OBJECT_CONVERSION = YES_AGGRESSIVE;
				CLANG_CXX_LANGUAGE_STANDARD = "gnu++14";
				CLANG_CXX_LIBRARY = "libc++";
				CLANG_ENABLE_MODULES = YES;
				CLANG_ENABLE_OBJC_ARC = YES;
				CLANG_ENABLE_OBJC_WEAK = YES;
				CLANG_WARN_BLOCK_CAPTURE_AUTORELEASING = YES;
				CLANG_WARN_BOOL_CONVERSION = YES;
				CLANG_WARN_COMMA = YES;
				CLANG_WARN_CONSTANT_CONVERSION = YES;
				CLANG_WARN_DEPRECATED_OBJC_IMPLEMENTATIONS = YES;
				CLANG_WARN_DIRECT_OBJC_ISA_USAGE = YES_ERROR;
				CLANG_WARN_DOCUMENTATION_COMMENTS = YES;
				CLANG_WARN_EMPTY_BODY = YES;
				CLANG_WARN_ENUM_CONVERSION = YES;
				CLANG_WARN_INFINITE_RECURSION = YES;
				CLANG_WARN_INT_CONVERSION = YES;
				CLANG_WARN_NON_LITERAL_NULL_CONVERSION = YES;
				CLANG_WARN_OBJC_IMPLICIT_RETAIN_SELF = YES;
				CLANG_WARN_OBJC_LITERAL_CONVERSION = YES;
				CLANG_WARN_OBJC_ROOT_CLASS = YES_ERROR;
				CLANG_WARN_RANGE_LOOP_ANALYSIS = YES;
				CLANG_WARN_STRICT_PROTOTYPES = YES;
				CLANG_WARN_SUSPICIOUS_MOVE = YES;
				CLANG_WARN_UNGUARDED_AVAILABILITY = YES_AGGRESSIVE;
				CLANG_WARN_UNREACHABLE_CODE = YES;
				CLANG_WARN__DUPLICATE_METHOD_MATCH = YES;
				CODE_SIGN_IDENTITY = "iPhone Developer";
				COPY_PHASE_STRIP = NO;
				DEBUG_INFORMATION_FORMAT = dwarf;
				ENABLE_STRICT_OBJC_MSGSEND = YES;
				ENABLE_TESTABILITY = YES;
				GCC_C_LANGUAGE_STANDARD = gnu11;
				GCC_DYNAMIC_NO_PIC = NO;
				GCC_NO_COMMON_BLOCKS = YES;
				GCC_OPTIMIZATION_LEVEL = 0;
				GCC_PREPROCESSOR_DEFINITIONS = (
					"DEBUG=1",
					"$(inherited)",
				);
				GCC_WARN_64_TO_32_BIT_CONVERSION = YES;
				GCC_WARN_ABOUT_RETURN_TYPE = YES_ERROR;
				GCC_WARN_UNDECLARED_SELECTOR = YES;
				GCC_WARN_UNINITIALIZED_AUTOS = YES_AGGRESSIVE;
				GCC_WARN_UNUSED_FUNCTION = YES;
				GCC_WARN_UNUSED_VARIABLE = YES;
				IPHONEOS_DEPLOYMENT_TARGET = 12.1;
				MTL_ENABLE_DEBUG_INFO = INCLUDE_SOURCE;
				MTL_FAST_MATH = YES;
				ONLY_ACTIVE_ARCH = YES;
				SDKROOT = iphoneos;
				SWIFT_ACTIVE_COMPILATION_CONDITIONS = DEBUG;
				SWIFT_OPTIMIZATION_LEVEL = "-Onone";
			};
			name = Debug;
		};
		C7BF4C78221D3E5D00224BF4 /* Release */ = {
			isa = XCBuildConfiguration;
			buildSettings = {
				ALWAYS_SEARCH_USER_PATHS = NO;
				CLANG_ANALYZER_NONNULL = YES;
				CLANG_ANALYZER_NUMBER_OBJECT_CONVERSION = YES_AGGRESSIVE;
				CLANG_CXX_LANGUAGE_STANDARD = "gnu++14";
				CLANG_CXX_LIBRARY = "libc++";
				CLANG_ENABLE_MODULES = YES;
				CLANG_ENABLE_OBJC_ARC = YES;
				CLANG_ENABLE_OBJC_WEAK = YES;
				CLANG_WARN_BLOCK_CAPTURE_AUTORELEASING = YES;
				CLANG_WARN_BOOL_CONVERSION = YES;
				CLANG_WARN_COMMA = YES;
				CLANG_WARN_CONSTANT_CONVERSION = YES;
				CLANG_WARN_DEPRECATED_OBJC_IMPLEMENTATIONS = YES;
				CLANG_WARN_DIRECT_OBJC_ISA_USAGE = YES_ERROR;
				CLANG_WARN_DOCUMENTATION_COMMENTS = YES;
				CLANG_WARN_EMPTY_BODY = YES;
				CLANG_WARN_ENUM_CONVERSION = YES;
				CLANG_WARN_INFINITE_RECURSION = YES;
				CLANG_WARN_INT_CONVERSION = YES;
				CLANG_WARN_NON_LITERAL_NULL_CONVERSION = YES;
				CLANG_WARN_OBJC_IMPLICIT_RETAIN_SELF = YES;
				CLANG_WARN_OBJC_LITERAL_CONVERSION = YES;
				CLANG_WARN_OBJC_ROOT_CLASS = YES_ERROR;
				CLANG_WARN_RANGE_LOOP_ANALYSIS = YES;
				CLANG_WARN_STRICT_PROTOTYPES = YES;
				CLANG_WARN_SUSPICIOUS_MOVE = YES;
				CLANG_WARN_UNGUARDED_AVAILABILITY = YES_AGGRESSIVE;
				CLANG_WARN_UNREACHABLE_CODE = YES;
				CLANG_WARN__DUPLICATE_METHOD_MATCH = YES;
				CODE_SIGN_IDENTITY = "iPhone Developer";
				COPY_PHASE_STRIP = NO;
				DEBUG_INFORMATION_FORMAT = "dwarf-with-dsym";
				ENABLE_NS_ASSERTIONS = NO;
				ENABLE_STRICT_OBJC_MSGSEND = YES;
				GCC_C_LANGUAGE_STANDARD = gnu11;
				GCC_NO_COMMON_BLOCKS = YES;
				GCC_WARN_64_TO_32_BIT_CONVERSION = YES;
				GCC_WARN_ABOUT_RETURN_TYPE = YES_ERROR;
				GCC_WARN_UNDECLARED_SELECTOR = YES;
				GCC_WARN_UNINITIALIZED_AUTOS = YES_AGGRESSIVE;
				GCC_WARN_UNUSED_FUNCTION = YES;
				GCC_WARN_UNUSED_VARIABLE = YES;
				IPHONEOS_DEPLOYMENT_TARGET = 12.1;
				MTL_ENABLE_DEBUG_INFO = NO;
				MTL_FAST_MATH = YES;
				SDKROOT = iphoneos;
				SWIFT_COMPILATION_MODE = wholemodule;
				SWIFT_OPTIMIZATION_LEVEL = "-O";
				VALIDATE_PRODUCT = YES;
			};
			name = Release;
		};
		C7BF4C7A221D3E5D00224BF4 /* Debug */ = {
			isa = XCBuildConfiguration;
			buildSettings = {
				ASSETCATALOG_COMPILER_APPICON_NAME = AppIcon;
				CODE_SIGN_STYLE = Automatic;
				DEVELOPMENT_TEAM = SU96K97QJ3;
				INFOPLIST_FILE = DemoSDK/Info.plist;
				LD_RUNPATH_SEARCH_PATHS = (
					"$(inherited)",
					"@executable_path/Frameworks",
				);
				PRODUCT_BUNDLE_IDENTIFIER = com.Clavax.demo.DemoSDK;
				PRODUCT_NAME = "$(TARGET_NAME)";
				SWIFT_VERSION = 4.2;
				TARGETED_DEVICE_FAMILY = "1,2";
			};
			name = Debug;
		};
		C7BF4C7B221D3E5D00224BF4 /* Release */ = {
			isa = XCBuildConfiguration;
			buildSettings = {
				ASSETCATALOG_COMPILER_APPICON_NAME = AppIcon;
				CODE_SIGN_STYLE = Automatic;
				DEVELOPMENT_TEAM = SU96K97QJ3;
				INFOPLIST_FILE = DemoSDK/Info.plist;
				LD_RUNPATH_SEARCH_PATHS = (
					"$(inherited)",
					"@executable_path/Frameworks",
				);
				PRODUCT_BUNDLE_IDENTIFIER = com.Clavax.demo.DemoSDK;
				PRODUCT_NAME = "$(TARGET_NAME)";
				SWIFT_VERSION = 4.2;
				TARGETED_DEVICE_FAMILY = "1,2";
			};
			name = Release;
		};
		C7BF4C7D221D3E5D00224BF4 /* Debug */ = {
			isa = XCBuildConfiguration;
			buildSettings = {
				ALWAYS_EMBED_SWIFT_STANDARD_LIBRARIES = YES;
				CODE_SIGN_STYLE = Automatic;
				DEVELOPMENT_TEAM = SU96K97QJ3;
				INFOPLIST_FILE = DemoSDKUITests/Info.plist;
				LD_RUNPATH_SEARCH_PATHS = (
					"$(inherited)",
					"@executable_path/Frameworks",
					"@loader_path/Frameworks",
				);
				PRODUCT_BUNDLE_IDENTIFIER = com.Clavax.demo.DemoSDKUITests;
				PRODUCT_NAME = "$(TARGET_NAME)";
				SWIFT_VERSION = 4.2;
				TARGETED_DEVICE_FAMILY = "1,2";
				TEST_TARGET_NAME = DemoSDK;
			};
			name = Debug;
		};
		C7BF4C7E221D3E5D00224BF4 /* Release */ = {
			isa = XCBuildConfiguration;
			buildSettings = {
				ALWAYS_EMBED_SWIFT_STANDARD_LIBRARIES = YES;
				CODE_SIGN_STYLE = Automatic;
				DEVELOPMENT_TEAM = SU96K97QJ3;
				INFOPLIST_FILE = DemoSDKUITests/Info.plist;
				LD_RUNPATH_SEARCH_PATHS = (
					"$(inherited)",
					"@executable_path/Frameworks",
					"@loader_path/Frameworks",
				);
				PRODUCT_BUNDLE_IDENTIFIER = com.Clavax.demo.DemoSDKUITests;
				PRODUCT_NAME = "$(TARGET_NAME)";
				SWIFT_VERSION = 4.2;
				TARGETED_DEVICE_FAMILY = "1,2";
				TEST_TARGET_NAME = DemoSDK;
			};
			name = Release;
		};
/* End XCBuildConfiguration section */

/* Begin XCConfigurationList section */
		C7BF4C57221D3E5C00224BF4 /* Build configuration list for PBXProject "DemoSDK" */ = {
			isa = XCConfigurationList;
			buildConfigurations = (
				C7BF4C77221D3E5D00224BF4 /* Debug */,
				C7BF4C78221D3E5D00224BF4 /* Release */,
			);
			defaultConfigurationIsVisible = 0;
			defaultConfigurationName = Release;
		};
		C7BF4C79221D3E5D00224BF4 /* Build configuration list for PBXNativeTarget "DemoSDK" */ = {
			isa = XCConfigurationList;
			buildConfigurations = (
				C7BF4C7A221D3E5D00224BF4 /* Debug */,
				C7BF4C7B221D3E5D00224BF4 /* Release */,
			);
			defaultConfigurationIsVisible = 0;
			defaultConfigurationName = Release;
		};
		C7BF4C7C221D3E5D00224BF4 /* Build configuration list for PBXNativeTarget "DemoSDKUITests" */ = {
			isa = XCConfigurationList;
			buildConfigurations = (
				C7BF4C7D221D3E5D00224BF4 /* Debug */,
				C7BF4C7E221D3E5D00224BF4 /* Release */,
			);
			defaultConfigurationIsVisible = 0;
			defaultConfigurationName = Release;
		};
/* End XCConfigurationList section */
	};
	rootObject = C7BF4C54221D3E5C00224BF4 /* Project object */;
}
